<?xml version="1.0" encoding="utf-8"?>
<Project ToolsVersion="4.0" xmlns="http://schemas.microsoft.com/developer/msbuild/2003">
  <ItemGroup>
    <Filter Include="Source Files">
      <UniqueIdentifier>{4FC737F1-C7A5-4376-A066-2A32D752A2FF}</UniqueIdentifier>
      <Extensions>qml;cpp;c;cc;cxx;def;odl;idl;hpj;bat;asm;asmx</Extensions>
    </Filter>
    <Filter Include="Header Files">
      <UniqueIdentifier>{93995380-89BD-4b04-88EB-625FBE52EBFB}</UniqueIdentifier>
      <Extensions>h;hh;hpp;hxx;hm;inl;inc;xsd</Extensions>
    </Filter>
    <Filter Include="Resource Files">
      <UniqueIdentifier>{67DA6AB6-F800-4c08-8B7A-83BB121AAD01}</UniqueIdentifier>
      <Extensions>qrc;rc;ico;cur;bmp;dlg;rc2;rct;bin;rgs;gif;jpg;jpeg;jpe;resx;tiff;tif;png;wav;mfcribbon-ms</Extensions>
    </Filter>
    <Filter Include="Form Files">
      <UniqueIdentifier>{99349809-55BA-4b9d-BF79-8FDBB0286EB3}</UniqueIdentifier>
      <Extensions>ui</Extensions>
    </Filter>
    <Filter Include="Translation Files">
      <UniqueIdentifier>{639EADAA-A684-42e4-A9AD-28FC9BCB8F7C}</UniqueIdentifier>
      <Extensions>ts</Extensions>
    </Filter>
  </ItemGroup>
  <ItemGroup>
    <QtUic Include="..\..\Start-intermediar\form.ui">
      <Filter>Form Files</Filter>
    </QtUic>
    <QtUic Include="..\..\Start-intermediar\intermediaryscreen.ui">
      <Filter>Form Files</Filter>
    </QtUic>
    <QtUic Include="..\..\Start-intermediar\startscreen.ui">
      <Filter>Form Files</Filter>
    </QtUic>
    <QtUic Include="..\..\Start-intermediar\mainscreen.ui">
      <Filter>Form Files</Filter>
    </QtUic>
    <QtUic Include="..\..\Start-intermediar\intrebarigrila.ui">
      <Filter>Form Files</Filter>
    </QtUic>
    <QtUic Include="..\..\Start-intermediar\intrebarinumerice.ui">
      <Filter>Form Files</Filter>
    </QtUic>
  </ItemGroup>
  <ItemGroup>
    <QtMoc Include="..\..\Start-intermediar\form.h">
      <Filter>Header Files</Filter>
    </QtMoc>
    <QtMoc Include="..\..\Start-intermediar\intermediaryscreen.h">
      <Filter>Header Files</Filter>
    </QtMoc>
    <QtMoc Include="..\..\Start-intermediar\startscreen.h">
      <Filter>Header Files</Filter>
    </QtMoc>
    <QtMoc Include="..\..\Start-intermediar\mainscreen.h">
      <Filter>Header Files</Filter>
    </QtMoc>
    <QtMoc Include="..\..\Start-intermediar\intrebarigrila.h">
      <Filter>Header Files</Filter>
    </QtMoc>
  </ItemGroup>
  <ItemGroup>
    <QtRcc Include="..\..\Start-intermediar\images.qrc">
      <Filter>Resource Files</Filter>
    </QtRcc>
  </ItemGroup>
  <ItemGroup>
    <ClCompile Include="..\..\Start-intermediar\form.cpp">
      <Filter>Source Files</Filter>
    </ClCompile>
    <ClCompile Include="..\..\Start-intermediar\intermediaryscreen.cpp">
      <Filter>Source Files</Filter>
    </ClCompile>
    <ClCompile Include="..\..\Start-intermediar\main.cpp">
      <Filter>Source Files</Filter>
    </ClCompile>
    <ClCompile Include="..\..\Start-intermediar\startscreen.cpp">
      <Filter>Source Files</Filter>
    </ClCompile>
    <ClCompile Include="..\..\Start-intermediar\mainscreen.cpp">
      <Filter>Source Files</Filter>
    </ClCompile>
    <ClCompile Include="..\..\Start-intermediar\intrebarigrila.cpp">
      <Filter>Source Files</Filter>
    </ClCompile>
    <ClCompile Include="..\..\Start-intermediar\harta.cpp">
      <Filter>Source Files</Filter>
    </ClCompile>
  </ItemGroup>
</Project>