
Microsoft Visual Studio Solution File, Format Version 12.00
# Visual Studio Version 17
VisualStudioVersion = 17.1.32414.318
MinimumVisualStudioVersion = 10.0.40219.1
Project("{8BC9CEB8-8B4A-11D0-8D11-00A0C91BC942}") = "Attempt1", "Attempt1\Attempt1.vcxproj", "{B4AE6CEC-4DC0-4D03-B1F2-EFAAAFFAE155}"
EndProject
Global
	GlobalSection(SolutionConfigurationPlatforms) = preSolution
		Debug|x64 = Debug|x64
		Release|x64 = Release|x64
	EndGlobalSection
	GlobalSection(ProjectConfigurationPlatforms) = postSolution
		{B4AE6CEC-4DC0-4D03-B1F2-EFAAAFFAE155}.Debug|x64.ActiveCfg = Debug|x64
		{B4AE6CEC-4DC0-4D03-B1F2-EFAAAFFAE155}.Debug|x64.Build.0 = Debug|x64
		{B4AE6CEC-4DC0-4D03-B1F2-EFAAAFFAE155}.Release|x64.ActiveCfg = Release|x64
		{B4AE6CEC-4DC0-4D03-B1F2-EFAAAFFAE155}.Release|x64.Build.0 = Release|x64
	EndGlobalSection
	GlobalSection(SolutionProperties) = preSolution
		HideSolutionNode = FALSE
	EndGlobalSection
	GlobalSection(ExtensibilityGlobals) = postSolution
		SolutionGuid = {506BE618-2808-459E-969D-23DC4B2BE04D}
	EndGlobalSection
EndGlobal
